// !$*UTF8*$!
{
	archiveVersion = 1;
	classes = {
	};
	objectVersion = 46;
	objects = {

/* Begin PBXBuildFile section */
		BBF8AED11EB9CC8800CC9CBC /* AppDelegate.swift in Sources */ = {isa = PBXBuildFile; fileRef = BBF8AED01EB9CC8800CC9CBC /* AppDelegate.swift */; };
		BBF8AED31EB9CC8800CC9CBC /* ViewController.swift in Sources */ = {isa = PBXBuildFile; fileRef = BBF8AED21EB9CC8800CC9CBC /* ViewController.swift */; };
		BBF8AED61EB9CC8800CC9CBC /* Main.storyboard in Resources */ = {isa = PBXBuildFile; fileRef = BBF8AED41EB9CC8800CC9CBC /* Main.storyboard */; };
		BBF8AED81EB9CC8800CC9CBC /* Assets.xcassets in Resources */ = {isa = PBXBuildFile; fileRef = BBF8AED71EB9CC8800CC9CBC /* Assets.xcassets */; };
		BBF8AEDB1EB9CC8800CC9CBC /* LaunchScreen.storyboard in Resources */ = {isa = PBXBuildFile; fileRef = BBF8AED91EB9CC8800CC9CBC /* LaunchScreen.storyboard */; };
/* End PBXBuildFile section */

/* Begin PBXFileReference section */
		BBF8AECD1EB9CC8800CC9CBC /* StopWatch.app */ = {isa = PBXFileReference; explicitFileType = wrapper.application; includeInIndex = 0; path = StopWatch.app; sourceTree = BUILT_PRODUCTS_DIR; };
		BBF8AED01EB9CC8800CC9CBC /* AppDelegate.swift */ = {isa = PBXFileReference; lastKnownFileType = sourcecode.swift; path = AppDelegate.swift; sourceTree = "<group>"; };
		BBF8AED21EB9CC8800CC9CBC /* ViewController.swift */ = {isa = PBXFileReference; lastKnownFileType = sourcecode.swift; path = ViewController.swift; sourceTree = "<group>"; };
		BBF8AED51EB9CC8800CC9CBC /* Base */ = {isa = PBXFileReference; lastKnownFileType = file.storyboard; name = Base; path = Base.lproj/Main.storyboard; sourceTree = "<group>"; };
		BBF8AED71EB9CC8800CC9CBC /* Assets.xcassets */ = {isa = PBXFileReference; lastKnownFileType = folder.assetcatalog; path = Assets.xcassets; sourceTree = "<group>"; };
		BBF8AEDA1EB9CC8800CC9CBC /* Base */ = {isa = PBXFileReference; lastKnownFileType = file.storyboard; name = Base; path = Base.lproj/LaunchScreen.storyboard; sourceTree = "<group>"; };
		BBF8AEDC1EB9CC8800CC9CBC /* Info.plist */ = {isa = PBXFileReference; lastKnownFileType = text.plist.xml; path = Info.plist; sourceTree = "<group>"; };
/* End PBXFileReference section */

/* Begin PBXFrameworksBuildPhase section */
		BBF8AECA1EB9CC8800CC9CBC /* Frameworks */ = {
			isa = PBXFrameworksBuildPhase;
			buildActionMask = 2147483647;
			files = (
			);
			runOnlyForDeploymentPostprocessing = 0;
		};
/* End PBXFrameworksBuildPhase section */

/* Begin PBXGroup section */
		BBF8AEC41EB9CC8800CC9CBC = {
			isa = PBXGroup;
			children = (
				BBF8AECF1EB9CC8800CC9CBC /* StopWatch */,
				BBF8AECE1EB9CC8800CC9CBC /* Products */,
			);
			sourceTree = "<group>";
		};
		BBF8AECE1EB9CC8800CC9CBC /* Products */ = {
			isa = PBXGroup;
			children = (
				BBF8AECD1EB9CC8800CC9CBC /* StopWatch.app */,
			);
			name = Products;
			sourceTree = "<group>";
		};
		BBF8AECF1EB9CC8800CC9CBC /* StopWatch */ = {
			isa = PBXGroup;
			children = (
				BBF8AED01EB9CC8800CC9CBC /* AppDelegate.swift */,
				BBF8AED21EB9CC8800CC9CBC /* ViewController.swift */,
				BBF8AED41EB9CC8800CC9CBC /* Main.storyboard */,
				BBF8AED71EB9CC8800CC9CBC /* Assets.xcassets */,
				BBF8AED91EB9CC8800CC9CBC /* LaunchScreen.storyboard */,
				BBF8AEDC1EB9CC8800CC9CBC /* Info.plist */,
			);
			path = StopWatch;
			sourceTree = "<group>";
		};
/* End PBXGroup section */

/* Begin PBXNativeTarget section */
		BBF8AECC1EB9CC8800CC9CBC /* StopWatch */ = {
			isa = PBXNativeTarget;
			buildConfigurationList = BBF8AEDF1EB9CC8800CC9CBC /* Build configuration list for PBXNativeTarget "StopWatch" */;
			buildPhases = (
				BBF8AEC91EB9CC8800CC9CBC /* Sources */,
				BBF8AECA1EB9CC8800CC9CBC /* Frameworks */,
				BBF8AECB1EB9CC8800CC9CBC /* Resources */,
			);
			buildRules = (
			);
			dependencies = (
			);
			name = StopWatch;
			productName = StopWatch;
			productReference = BBF8AECD1EB9CC8800CC9CBC /* StopWatch.app */;
			productType = "com.apple.product-type.application";
		};
/* End PBXNativeTarget section */

/* Begin PBXProject section */
		BBF8AEC51EB9CC8800CC9CBC /* Project object */ = {
			isa = PBXProject;
			attributes = {
				LastSwiftUpdateCheck = 0830;
				LastUpgradeCheck = 0830;
				ORGANIZATIONNAME = "Mauro Serrano";
				TargetAttributes = {
					BBF8AECC1EB9CC8800CC9CBC = {
						CreatedOnToolsVersion = 8.3.2;
						DevelopmentTeam = F84HZPMWT7;
						ProvisioningStyle = Automatic;
					};
				};
			};
			buildConfigurationList = BBF8AEC81EB9CC8800CC9CBC /* Build configuration list for PBXProject "StopWatch" */;
			compatibilityVersion = "Xcode 3.2";
			developmentRegion = English;
			hasScannedForEncodings = 0;
			knownRegions = (
				en,
				Base,
			);
			mainGroup = BBF8AEC41EB9CC8800CC9CBC;
			productRefGroup = BBF8AECE1EB9CC8800CC9CBC /* Products */;
			projectDirPath = "";
			projectRoot = "";
			targets = (
				BBF8AECC1EB9CC8800CC9CBC /* StopWatch */,
			);
		};
/* End PBXProject section */

/* Begin PBXResourcesBuildPhase section */
		BBF8AECB1EB9CC8800CC9CBC /* Resources */ = {
			isa = PBXResourcesBuildPhase;
			buildActionMask = 2147483647;
			files = (
				BBF8AEDB1EB9CC8800CC9CBC /* LaunchScreen.storyboard in Resources */,
				BBF8AED81EB9CC8800CC9CBC /* Assets.xcassets in Resources */,
				BBF8AED61EB9CC8800CC9CBC /* Main.storyboard in Resources */,
			);
			runOnlyForDeploymentPostprocessing = 0;
		};
/* End PBXResourcesBuildPhase section */

/* Begin PBXSourcesBuildPhase section */
		BBF8AEC91EB9CC8800CC9CBC /* Sources */ = {
			isa = PBXSourcesBuildPhase;
			buildActionMask = 2147483647;
			files = (
				BBF8AED31EB9CC8800CC9CBC /* ViewController.swift in Sources */,
				BBF8AED11EB9CC8800CC9CBC /* AppDelegate.swift in Sources */,
			);
			runOnlyForDeploymentPostprocessing = 0;
		};
/* End PBXSourcesBuildPhase section */

/* Begin PBXVariantGroup section */
		BBF8AED41EB9CC8800CC9CBC /* Main.storyboard */ = {
			isa = PBXVariantGroup;
			children = (
				BBF8AED51EB9CC8800CC9CBC /* Base */,
			);
			name = Main.storyboard;
			sourceTree = "<group>";
		};
		BBF8AED91EB9CC8800CC9CBC /* LaunchScreen.storyboard */ = {
			isa = PBXVariantGroup;
			children = (
				BBF8AEDA1EB9CC8800CC9CBC /* Base */,
			);
			name = LaunchScreen.storyboard;
			sourceTree = "<group>";
		};
/* End PBXVariantGroup section */

/* Begin XCBuildConfiguration section */
		BBF8AEDD1EB9CC8800CC9CBC /* Debug */ = {
			isa = XCBuildConfiguration;
			buildSettings = {
				ALWAYS_SEARCH_USER_PATHS = NO;
				CLANG_ANALYZER_NONNULL = YES;
				CLANG_ANALYZER_NUMBER_OBJECT_CONVERSION = YES_AGGRESSIVE;
				CLANG_CXX_LANGUAGE_STANDARD = "gnu++0x";
				CLANG_CXX_LIBRARY = "libc++";
				CLANG_ENABLE_MODULES = YES;
				CLANG_ENABLE_OBJC_ARC = YES;
				CLANG_WARN_BOOL_CONVERSION = YES;
				CLANG_WARN_CONSTANT_CONVERSION = YES;
				CLANG_WARN_DIRECT_OBJC_ISA_USAGE = YES_ERROR;
				CLANG_WARN_DOCUMENTATION_COMMENTS = YES;
				CLANG_WARN_EMPTY_BODY = YES;
				CLANG_WARN_ENUM_CONVERSION = YES;
				CLANG_WARN_INFINITE_RECURSION = YES;
				CLANG_WARN_INT_CONVERSION = YES;
				CLANG_WARN_OBJC_ROOT_CLASS = YES_ERROR;
				CLANG_WARN_SUSPICIOUS_MOVE = YES;
				CLANG_WARN_UNREACHABLE_CODE = YES;
				CLANG_WARN__DUPLICATE_METHOD_MATCH = YES;
				"CODE_SIGN_IDENTITY[sdk=iphoneos*]" = "iPhone Developer";
				COPY_PHASE_STRIP = NO;
				DEBUG_INFORMATION_FORMAT = dwarf;
				ENABLE_STRICT_OBJC_MSGSEND = YES;
				ENABLE_TESTABILITY = YES;
				GCC_C_LANGUAGE_STANDARD = gnu99;
				GCC_DYNAMIC_NO_PIC = NO;
				GCC_NO_COMMON_BLOCKS = YES;
				GCC_OPTIMIZATION_LEVEL = 0;
				GCC_PREPROCESSOR_DEFINITIONS = (
					"DEBUG=1",
					"$(inherited)",
				);
				GCC_WARN_64_TO_32_BIT_CONVERSION = YES;
				GCC_WARN_ABOUT_RETURN_TYPE = YES_ERROR;
				GCC_WARN_UNDECLARED_SELECTOR = YES;
				GCC_WARN_UNINITIALIZED_AUTOS = YES_AGGRESSIVE;
				GCC_WARN_UNUSED_FUNCTION = YES;
				GCC_WARN_UNUSED_VARIABLE = YES;
				IPHONEOS_DEPLOYMENT_TARGET = 10.3;
				MTL_ENABLE_DEBUG_INFO = YES;
				ONLY_ACTIVE_ARCH = YES;
				SDKROOT = iphoneos;
				SWIFT_ACTIVE_COMPILATION_CONDITIONS = DEBUG;
				SWIFT_OPTIMIZATION_LEVEL = "-Onone";
			};
			name = Debug;
		};
		BBF8AEDE1EB9CC8800CC9CBC /* Release */ = {
			isa = XCBuildConfiguration;
			buildSettings = {
				ALWAYS_SEARCH_USER_PATHS = NO;
				CLANG_ANALYZER_NONNULL = YES;
				CLANG_ANALYZER_NUMBER_OBJECT_CONVERSION = YES_AGGRESSIVE;
				CLANG_CXX_LANGUAGE_STANDARD = "gnu++0x";
				CLANG_CXX_LIBRARY = "libc++";
				CLANG_ENABLE_MODULES = YES;
				CLANG_ENABLE_OBJC_ARC = YES;
				CLANG_WARN_BOOL_CONVERSION = YES;
				CLANG_WARN_CONSTANT_CONVERSION = YES;
				CLANG_WARN_DIRECT_OBJC_ISA_USAGE = YES_ERROR;
				CLANG_WARN_DOCUMENTATION_COMMENTS = YES;
				CLANG_WARN_EMPTY_BODY = YES;
				CLANG_WARN_ENUM_CONVERSION = YES;
				CLANG_WARN_INFINITE_RECURSION = YES;
				CLANG_WARN_INT_CONVERSION = YES;
				CLANG_WARN_OBJC_ROOT_CLASS = YES_ERROR;
				CLANG_WARN_SUSPICIOUS_MOVE = YES;
				CLANG_WARN_UNREACHABLE_CODE = YES;
				CLANG_WARN__DUPLICATE_METHOD_MATCH = YES;
				"CODE_SIGN_IDENTITY[sdk=iphoneos*]" = "iPhone Developer";
				COPY_PHASE_STRIP = NO;
				DEBUG_INFORMATION_FORMAT = "dwarf-with-dsym";
				ENABLE_NS_ASSERTIONS = NO;
				ENABLE_STRICT_OBJC_MSGSEND = YES;
				GCC_C_LANGUAGE_STANDARD = gnu99;
				GCC_NO_COMMON_BLOCKS = YES;
				GCC_WARN_64_TO_32_BIT_CONVERSION = YES;
				GCC_WARN_ABOUT_RETURN_TYPE = YES_ERROR;
				GCC_WARN_UNDECLARED_SELECTOR = YES;
				GCC_WARN_UNINITIALIZED_AUTOS = YES_AGGRESSIVE;
				GCC_WARN_UNUSED_FUNCTION = YES;
				GCC_WARN_UNUSED_VARIABLE = YES;
				IPHONEOS_DEPLOYMENT_TARGET = 10.3;
				MTL_ENABLE_DEBUG_INFO = NO;
				SDKROOT = iphoneos;
				SWIFT_OPTIMIZATION_LEVEL = "-Owholemodule";
				VALIDATE_PRODUCT = YES;
			};
			name = Release;
		};
		BBF8AEE01EB9CC8800CC9CBC /* Debug */ = {
			isa = XCBuildConfiguration;
			buildSettings = {
				ASSETCATALOG_COMPILER_APPICON_NAME = AppIcon;
				DEVELOPMENT_TEAM = F84HZPMWT7;
				INFOPLIST_FILE = StopWatch/Info.plist;
				LD_RUNPATH_SEARCH_PATHS = "$(inherited) @executable_path/Frameworks";
				PRODUCT_BUNDLE_IDENTIFIER = "com.ms-udemy.StopWatch";
				PRODUCT_NAME = "$(TARGET_NAME)";
				SWIFT_VERSION = 3.0;
			};
			name = Debug;
		};
		BBF8AEE11EB9CC8800CC9CBC /* Release */ = {
			isa = XCBuildConfiguration;
			buildSettings = {
				ASSETCATALOG_COMPILER_APPICON_NAME = AppIcon;
				DEVELOPMENT_TEAM = F84HZPMWT7;
				INFOPLIST_FILE = StopWatch/Info.plist;
				LD_RUNPATH_SEARCH_PATHS = "$(inherited) @executable_path/Frameworks";
				PRODUCT_BUNDLE_IDENTIFIER = "com.ms-udemy.StopWatch";
				PRODUCT_NAME = "$(TARGET_NAME)";
				SWIFT_VERSION = 3.0;
			};
			name = Release;
		};
/* End XCBuildConfiguration section */

/* Begin XCConfigurationList section */
		BBF8AEC81EB9CC8800CC9CBC /* Build configuration list for PBXProject "StopWatch" */ = {
			isa = XCConfigurationList;
			buildConfigurations = (
				BBF8AEDD1EB9CC8800CC9CBC /* Debug */,
				BBF8AEDE1EB9CC8800CC9CBC /* Release */,
			);
			defaultConfigurationIsVisible = 0;
			defaultConfigurationName = Release;
		};
		BBF8AEDF1EB9CC8800CC9CBC /* Build configuration list for PBXNativeTarget "StopWatch" */ = {
			isa = XCConfigurationList;
			buildConfigurations = (
				BBF8AEE01EB9CC8800CC9CBC /* Debug */,
				BBF8AEE11EB9CC8800CC9CBC /* Release */,
			);
			defaultConfigurationIsVisible = 0;
		};
/* End XCConfigurationList section */
	};
	rootObject = BBF8AEC51EB9CC8800CC9CBC /* Project object */;
}
